
Microsoft Visual Studio Solution File, Format Version 12.00
# Visual Studio Version 17
VisualStudioVersion = 17.10.35013.160
MinimumVisualStudioVersion = 10.0.40219.1
Project("{FAE04EC0-301F-11D3-BF4B-00C04F79EFBC}") = "Student_Management", "Student_Management\Student_Management.csproj", "{AE4CBFEF-DBF9-4128-8F4A-0A397E4320FC}"
EndProject
Global
	GlobalSection(SolutionConfigurationPlatforms) = preSolution
		Debug|Any CPU = Debug|Any CPU
		Release|Any CPU = Release|Any CPU
	EndGlobalSection
	GlobalSection(ProjectConfigurationPlatforms) = postSolution
		{AE4CBFEF-DBF9-4128-8F4A-0A397E4320FC}.Debug|Any CPU.ActiveCfg = Debug|Any CPU
		{AE4CBFEF-DBF9-4128-8F4A-0A397E4320FC}.Debug|Any CPU.Build.0 = Debug|Any CPU
		{AE4CBFEF-DBF9-4128-8F4A-0A397E4320FC}.Release|Any CPU.ActiveCfg = Release|Any CPU
		{AE4CBFEF-DBF9-4128-8F4A-0A397E4320FC}.Release|Any CPU.Build.0 = Release|Any CPU
	EndGlobalSection
	GlobalSection(SolutionProperties) = preSolution
		HideSolutionNode = FALSE
	EndGlobalSection
	GlobalSection(ExtensibilityGlobals) = postSolution
		SolutionGuid = {1F2459D7-8DA9-4F2E-9302-8052945B964F}
	EndGlobalSection
EndGlobal
